# This file is automatically @generated by Cargo.
# It is not intended for manual editing.
version = 3

[[package]]
name = "expressive_calc"
version = "0.1.0"
source = "git+https://github.com/Brian-Magnuson/expressive_calc#465ea454f849e385e95fc3b0a0b586b5aa61bdde"

[[package]]
name = "expressive_calc_repl"
version = "0.1.0"
dependencies = [
 "expressive_calc",
]
