# This file is automatically @generated by Cargo.
# It is not intended for manual editing.
version = 3

[[package]]
name = "expressive_calc"
version = "0.1.0"
source = "git+https://github.com/Brian-Magnuson/expressive_calc#582ac9af291a1c6132739ec2ec849bc760368fec"

[[package]]
name = "expressive_calc_repl"
version = "0.1.0"
dependencies = [
 "expressive_calc",
]
