# This file is automatically @generated by Cargo.
# It is not intended for manual editing.
version = 3

[[package]]
name = "expressive_calc"
version = "0.1.0"
source = "git+https://github.com/Brian-Magnuson/expressive_calc#b34c91e04368d38ba920ebda1976f37a3d44ace6"

[[package]]
name = "expressive_calc_repl"
version = "0.1.0"
dependencies = [
 "expressive_calc",
]
